
Microsoft Visual Studio Solution File, Format Version 12.00
# Visual Studio Version 17
VisualStudioVersion = 17.8.34316.72
MinimumVisualStudioVersion = 10.0.40219.1
Project("{FAE04EC0-301F-11D3-BF4B-00C04F79EFBC}") = "Angularwebapp.Server", "Angularwebapp.Server\Angularwebapp.Server.csproj", "{7B701452-BFDF-4106-BF7C-1409F3A73753}"
EndProject
Project("{54A90642-561A-4BB1-A94E-469ADEE60C69}") = "angularwebapp.client", "angularwebapp.client\angularwebapp.client.esproj", "{449A1E99-136F-4880-81AF-52AF8D4EFEFE}"
EndProject
Global
	GlobalSection(SolutionConfigurationPlatforms) = preSolution
		Debug|Any CPU = Debug|Any CPU
		Release|Any CPU = Release|Any CPU
	EndGlobalSection
	GlobalSection(ProjectConfigurationPlatforms) = postSolution
		{7B701452-BFDF-4106-BF7C-1409F3A73753}.Debug|Any CPU.ActiveCfg = Debug|Any CPU
		{7B701452-BFDF-4106-BF7C-1409F3A73753}.Debug|Any CPU.Build.0 = Debug|Any CPU
		{7B701452-BFDF-4106-BF7C-1409F3A73753}.Release|Any CPU.ActiveCfg = Release|Any CPU
		{7B701452-BFDF-4106-BF7C-1409F3A73753}.Release|Any CPU.Build.0 = Release|Any CPU
		{449A1E99-136F-4880-81AF-52AF8D4EFEFE}.Debug|Any CPU.ActiveCfg = Debug|Any CPU
		{449A1E99-136F-4880-81AF-52AF8D4EFEFE}.Debug|Any CPU.Build.0 = Debug|Any CPU
		{449A1E99-136F-4880-81AF-52AF8D4EFEFE}.Debug|Any CPU.Deploy.0 = Debug|Any CPU
		{449A1E99-136F-4880-81AF-52AF8D4EFEFE}.Release|Any CPU.ActiveCfg = Release|Any CPU
		{449A1E99-136F-4880-81AF-52AF8D4EFEFE}.Release|Any CPU.Build.0 = Release|Any CPU
		{449A1E99-136F-4880-81AF-52AF8D4EFEFE}.Release|Any CPU.Deploy.0 = Release|Any CPU
	EndGlobalSection
	GlobalSection(SolutionProperties) = preSolution
		HideSolutionNode = FALSE
	EndGlobalSection
	GlobalSection(ExtensibilityGlobals) = postSolution
		SolutionGuid = {551D114C-E43A-494F-90AF-08A1D231DF60}
	EndGlobalSection
EndGlobal
